
Microsoft Visual Studio Solution File, Format Version 12.00
# Visual Studio 15
VisualStudioVersion = 15.0.28307.902
MinimumVisualStudioVersion = 10.0.40219.1
Project("{FAE04EC0-301F-11D3-BF4B-00C04F79EFBC}") = "CMSLibrary", "CMSLibrary\CMSLibrary.csproj", "{4508B085-2F36-4C9A-B4A7-C983FE7DDA81}"
EndProject
Project("{FAE04EC0-301F-11D3-BF4B-00C04F79EFBC}") = "CMSUI", "CMSUI\CMSUI.csproj", "{0225797D-BCB9-42F8-B295-32B29C46FD04}"
EndProject
Global
	GlobalSection(SolutionConfigurationPlatforms) = preSolution
		Debug|Any CPU = Debug|Any CPU
		Release|Any CPU = Release|Any CPU
	EndGlobalSection
	GlobalSection(ProjectConfigurationPlatforms) = postSolution
		{4508B085-2F36-4C9A-B4A7-C983FE7DDA81}.Debug|Any CPU.ActiveCfg = Debug|Any CPU
		{4508B085-2F36-4C9A-B4A7-C983FE7DDA81}.Debug|Any CPU.Build.0 = Debug|Any CPU
		{4508B085-2F36-4C9A-B4A7-C983FE7DDA81}.Release|Any CPU.ActiveCfg = Release|Any CPU
		{4508B085-2F36-4C9A-B4A7-C983FE7DDA81}.Release|Any CPU.Build.0 = Release|Any CPU
		{0225797D-BCB9-42F8-B295-32B29C46FD04}.Debug|Any CPU.ActiveCfg = Debug|Any CPU
		{0225797D-BCB9-42F8-B295-32B29C46FD04}.Debug|Any CPU.Build.0 = Debug|Any CPU
		{0225797D-BCB9-42F8-B295-32B29C46FD04}.Release|Any CPU.ActiveCfg = Release|Any CPU
		{0225797D-BCB9-42F8-B295-32B29C46FD04}.Release|Any CPU.Build.0 = Release|Any CPU
	EndGlobalSection
	GlobalSection(SolutionProperties) = preSolution
		HideSolutionNode = FALSE
	EndGlobalSection
	GlobalSection(ExtensibilityGlobals) = postSolution
		SolutionGuid = {C4C94B1E-A4E3-413F-9F21-EAC98AAF02F1}
	EndGlobalSection
EndGlobal
